
Microsoft Visual Studio Solution File, Format Version 12.00
# Visual Studio Version 16
VisualStudioVersion = 16.0.29209.62
MinimumVisualStudioVersion = 10.0.40219.1
Project("{FAE04EC0-301F-11D3-BF4B-00C04F79EFBC}") = "CocosSharp.Content.Pipeline.Importers", "CocosSharp.Content.Pipeline.Importers.csproj", "{AD41B56E-E912-45AF-A98F-C8371406A547}"
EndProject
Project("{FAE04EC0-301F-11D3-BF4B-00C04F79EFBC}") = "box2d.WindowsDX", "..\box2d\box2d.WindowsDX.csproj", "{B81B6701-7A78-4846-BF6F-04E0591F0F38}"
EndProject
Project("{FAE04EC0-301F-11D3-BF4B-00C04F79EFBC}") = "CocosSharp.WindowsDX", "..\src\CocosSharp.WindowsDX.csproj", "{2B5CA459-536C-4B8C-A8C4-B7BEC723FE7A}"
EndProject
Global
	GlobalSection(SolutionConfigurationPlatforms) = preSolution
		Debug|Any CPU = Debug|Any CPU
		Debug|Mixed Platforms = Debug|Mixed Platforms
		DebugPhysics|Any CPU = DebugPhysics|Any CPU
		DebugPhysics|Mixed Platforms = DebugPhysics|Mixed Platforms
		Release|Any CPU = Release|Any CPU
		Release|Mixed Platforms = Release|Mixed Platforms
		ReleasePhysics|Any CPU = ReleasePhysics|Any CPU
		ReleasePhysics|Mixed Platforms = ReleasePhysics|Mixed Platforms
	EndGlobalSection
	GlobalSection(ProjectConfigurationPlatforms) = postSolution
		{AD41B56E-E912-45AF-A98F-C8371406A547}.Debug|Any CPU.ActiveCfg = Debug|Any CPU
		{AD41B56E-E912-45AF-A98F-C8371406A547}.Debug|Any CPU.Build.0 = Debug|Any CPU
		{AD41B56E-E912-45AF-A98F-C8371406A547}.Debug|Mixed Platforms.ActiveCfg = Debug|Any CPU
		{AD41B56E-E912-45AF-A98F-C8371406A547}.Debug|Mixed Platforms.Build.0 = Debug|Any CPU
		{AD41B56E-E912-45AF-A98F-C8371406A547}.DebugPhysics|Any CPU.ActiveCfg = Debug|Any CPU
		{AD41B56E-E912-45AF-A98F-C8371406A547}.DebugPhysics|Any CPU.Build.0 = Debug|Any CPU
		{AD41B56E-E912-45AF-A98F-C8371406A547}.DebugPhysics|Mixed Platforms.ActiveCfg = Debug|Any CPU
		{AD41B56E-E912-45AF-A98F-C8371406A547}.DebugPhysics|Mixed Platforms.Build.0 = Debug|Any CPU
		{AD41B56E-E912-45AF-A98F-C8371406A547}.Release|Any CPU.ActiveCfg = Release|Any CPU
		{AD41B56E-E912-45AF-A98F-C8371406A547}.Release|Any CPU.Build.0 = Release|Any CPU
		{AD41B56E-E912-45AF-A98F-C8371406A547}.Release|Mixed Platforms.ActiveCfg = Release|Any CPU
		{AD41B56E-E912-45AF-A98F-C8371406A547}.Release|Mixed Platforms.Build.0 = Release|Any CPU
		{AD41B56E-E912-45AF-A98F-C8371406A547}.ReleasePhysics|Any CPU.ActiveCfg = Release|Any CPU
		{AD41B56E-E912-45AF-A98F-C8371406A547}.ReleasePhysics|Any CPU.Build.0 = Release|Any CPU
		{AD41B56E-E912-45AF-A98F-C8371406A547}.ReleasePhysics|Mixed Platforms.ActiveCfg = Release|Any CPU
		{AD41B56E-E912-45AF-A98F-C8371406A547}.ReleasePhysics|Mixed Platforms.Build.0 = Release|Any CPU
		{B81B6701-7A78-4846-BF6F-04E0591F0F38}.Debug|Any CPU.ActiveCfg = Debug|Any CPU
		{B81B6701-7A78-4846-BF6F-04E0591F0F38}.Debug|Any CPU.Build.0 = Debug|Any CPU
		{B81B6701-7A78-4846-BF6F-04E0591F0F38}.Debug|Mixed Platforms.ActiveCfg = Debug|Any CPU
		{B81B6701-7A78-4846-BF6F-04E0591F0F38}.Debug|Mixed Platforms.Build.0 = Debug|Any CPU
		{B81B6701-7A78-4846-BF6F-04E0591F0F38}.DebugPhysics|Any CPU.ActiveCfg = DebugPhysics|Any CPU
		{B81B6701-7A78-4846-BF6F-04E0591F0F38}.DebugPhysics|Any CPU.Build.0 = DebugPhysics|Any CPU
		{B81B6701-7A78-4846-BF6F-04E0591F0F38}.DebugPhysics|Mixed Platforms.ActiveCfg = DebugPhysics|Any CPU
		{B81B6701-7A78-4846-BF6F-04E0591F0F38}.DebugPhysics|Mixed Platforms.Build.0 = DebugPhysics|Any CPU
		{B81B6701-7A78-4846-BF6F-04E0591F0F38}.Release|Any CPU.ActiveCfg = Release|Any CPU
		{B81B6701-7A78-4846-BF6F-04E0591F0F38}.Release|Any CPU.Build.0 = Release|Any CPU
		{B81B6701-7A78-4846-BF6F-04E0591F0F38}.Release|Mixed Platforms.ActiveCfg = Release|Any CPU
		{B81B6701-7A78-4846-BF6F-04E0591F0F38}.Release|Mixed Platforms.Build.0 = Release|Any CPU
		{B81B6701-7A78-4846-BF6F-04E0591F0F38}.ReleasePhysics|Any CPU.ActiveCfg = ReleasePhysics|Any CPU
		{B81B6701-7A78-4846-BF6F-04E0591F0F38}.ReleasePhysics|Any CPU.Build.0 = ReleasePhysics|Any CPU
		{B81B6701-7A78-4846-BF6F-04E0591F0F38}.ReleasePhysics|Mixed Platforms.ActiveCfg = ReleasePhysics|Any CPU
		{B81B6701-7A78-4846-BF6F-04E0591F0F38}.ReleasePhysics|Mixed Platforms.Build.0 = ReleasePhysics|Any CPU
		{2B5CA459-536C-4B8C-A8C4-B7BEC723FE7A}.Debug|Any CPU.ActiveCfg = Debug|Any CPU
		{2B5CA459-536C-4B8C-A8C4-B7BEC723FE7A}.Debug|Any CPU.Build.0 = Debug|Any CPU
		{2B5CA459-536C-4B8C-A8C4-B7BEC723FE7A}.Debug|Mixed Platforms.ActiveCfg = Debug|Any CPU
		{2B5CA459-536C-4B8C-A8C4-B7BEC723FE7A}.Debug|Mixed Platforms.Build.0 = Debug|Any CPU
		{2B5CA459-536C-4B8C-A8C4-B7BEC723FE7A}.DebugPhysics|Any CPU.ActiveCfg = DebugPhysics|Any CPU
		{2B5CA459-536C-4B8C-A8C4-B7BEC723FE7A}.DebugPhysics|Any CPU.Build.0 = DebugPhysics|Any CPU
		{2B5CA459-536C-4B8C-A8C4-B7BEC723FE7A}.DebugPhysics|Mixed Platforms.ActiveCfg = DebugPhysics|Any CPU
		{2B5CA459-536C-4B8C-A8C4-B7BEC723FE7A}.DebugPhysics|Mixed Platforms.Build.0 = DebugPhysics|Any CPU
		{2B5CA459-536C-4B8C-A8C4-B7BEC723FE7A}.Release|Any CPU.ActiveCfg = Release|Any CPU
		{2B5CA459-536C-4B8C-A8C4-B7BEC723FE7A}.Release|Any CPU.Build.0 = Release|Any CPU
		{2B5CA459-536C-4B8C-A8C4-B7BEC723FE7A}.Release|Mixed Platforms.ActiveCfg = Release|Any CPU
		{2B5CA459-536C-4B8C-A8C4-B7BEC723FE7A}.Release|Mixed Platforms.Build.0 = Release|Any CPU
		{2B5CA459-536C-4B8C-A8C4-B7BEC723FE7A}.ReleasePhysics|Any CPU.ActiveCfg = ReleasePhysics|Any CPU
		{2B5CA459-536C-4B8C-A8C4-B7BEC723FE7A}.ReleasePhysics|Any CPU.Build.0 = ReleasePhysics|Any CPU
		{2B5CA459-536C-4B8C-A8C4-B7BEC723FE7A}.ReleasePhysics|Mixed Platforms.ActiveCfg = ReleasePhysics|Any CPU
		{2B5CA459-536C-4B8C-A8C4-B7BEC723FE7A}.ReleasePhysics|Mixed Platforms.Build.0 = ReleasePhysics|Any CPU
	EndGlobalSection
	GlobalSection(SolutionProperties) = preSolution
		HideSolutionNode = FALSE
	EndGlobalSection
	GlobalSection(ExtensibilityGlobals) = postSolution
		SolutionGuid = {48F9302F-7C46-4A35-9BB1-66D8D53CBE92}
	EndGlobalSection
EndGlobal
